
Microsoft Visual Studio Solution File, Format Version 12.00
# Visual Studio Version 17
VisualStudioVersion = 17.9.34728.123
MinimumVisualStudioVersion = 10.0.40219.1
Project("{FAE04EC0-301F-11D3-BF4B-00C04F79EFBC}") = "FleetManagement", "FleetManagement.csproj", "{304354F5-7101-430C-B356-1C352E389727}"
EndProject
Global
	GlobalSection(SolutionConfigurationPlatforms) = preSolution
		Debug|Any CPU = Debug|Any CPU
		Release|Any CPU = Release|Any CPU
	EndGlobalSection
	GlobalSection(ProjectConfigurationPlatforms) = postSolution
		{304354F5-7101-430C-B356-1C352E389727}.Debug|Any CPU.ActiveCfg = Debug|Any CPU
		{304354F5-7101-430C-B356-1C352E389727}.Debug|Any CPU.Build.0 = Debug|Any CPU
		{304354F5-7101-430C-B356-1C352E389727}.Release|Any CPU.ActiveCfg = Release|Any CPU
		{304354F5-7101-430C-B356-1C352E389727}.Release|Any CPU.Build.0 = Release|Any CPU
	EndGlobalSection
	GlobalSection(SolutionProperties) = preSolution
		HideSolutionNode = FALSE
	EndGlobalSection
	GlobalSection(ExtensibilityGlobals) = postSolution
		SolutionGuid = {13F5F230-E385-4BDD-BFBF-AAF6AF3932C4}
	EndGlobalSection
EndGlobal
